
Microsoft Visual Studio Solution File, Format Version 12.00
# Visual Studio Version 17
VisualStudioVersion = 17.9.34701.34
MinimumVisualStudioVersion = 10.0.40219.1
Project("{9A19103F-16F7-4668-BE54-9A1E7A4F7556}") = "NumberToString", "NumberToString.csproj", "{3C68E10E-3B80-4BBB-8DDF-1A55134190EF}"
EndProject
Global
	GlobalSection(SolutionConfigurationPlatforms) = preSolution
		Debug|Any CPU = Debug|Any CPU
		Release|Any CPU = Release|Any CPU
	EndGlobalSection
	GlobalSection(ProjectConfigurationPlatforms) = postSolution
		{3C68E10E-3B80-4BBB-8DDF-1A55134190EF}.Debug|Any CPU.ActiveCfg = Debug|Any CPU
		{3C68E10E-3B80-4BBB-8DDF-1A55134190EF}.Debug|Any CPU.Build.0 = Debug|Any CPU
		{3C68E10E-3B80-4BBB-8DDF-1A55134190EF}.Release|Any CPU.ActiveCfg = Release|Any CPU
		{3C68E10E-3B80-4BBB-8DDF-1A55134190EF}.Release|Any CPU.Build.0 = Release|Any CPU
	EndGlobalSection
	GlobalSection(SolutionProperties) = preSolution
		HideSolutionNode = FALSE
	EndGlobalSection
	GlobalSection(ExtensibilityGlobals) = postSolution
		SolutionGuid = {9851F63B-2F3D-4442-9433-D168CAED1A2C}
	EndGlobalSection
EndGlobal
